<?xml version="1.0" encoding="UTF-8" standalone="yes" ?>
<CodeBlocks_project_file>
	<FileVersion major="1" minor="6" />
	<Project>
		<Option title="Brain On Fire (C++)" />
		<Option pch_mode="2" />
		<Option compiler="gcc" />
		<Build>
			<Target title="Debug">
				<Option output="bin/Debug/Brain On Fire (C++)" prefix_auto="1" extension_auto="1" />
				<Option object_output="obj/Debug/" />
				<Option type="1" />
				<Option compiler="gcc" />
				<Compiler>
					<Add option="-g" />
				</Compiler>
			</Target>
		</Build>
		<Compiler>
			<Add option="-Wall" />
			<Add option="-fexceptions" />
		</Compiler>
		<Unit filename="Banners/Banners.cpp" />
		<Unit filename="Banners/Banners.h" />
		<Unit filename="Core/Colors/Colors.h" />
		<Unit filename="Core/main.cpp" />
		<Unit filename="Giochi/Concentrazione/Concentrazione.cpp" />
		<Unit filename="Giochi/Concentrazione/Concentrazione.h" />
		<Unit filename="Giochi/Crono/crono.cpp" />
		<Unit filename="Giochi/Crono/crono.h" />
		<Unit filename="Giochi/Memoria/Memoria.cpp" />
		<Unit filename="Giochi/Memoria/Memoria.h" />
		<Unit filename="Giochi/TrovaLaParola/TrovaLaParola.cpp" />
		<Unit filename="Giochi/TrovaLaParola/TrovaLaParola.h" />
		<Unit filename="Users/Users.cpp" />
		<Unit filename="Users/Users.h" />
		<Extensions>
			<lib_finder disable_auto="1" />
		</Extensions>
	</Project>
</CodeBlocks_project_file>
